// !$*UTF8*$!
{
	archiveVersion = 1;
	classes = {
	};
	objectVersion = 77;
	objects = {

/* Begin PBXBuildFile section */
		9AC7F5892CFDFA6F00EC6B9A /* ComposableArchitecture in Frameworks */ = {isa = PBXBuildFile; productRef = 9AC7F5882CFDFA6F00EC6B9A /* ComposableArchitecture */; };
/* End PBXBuildFile section */

/* Begin PBXContainerItemProxy section */
		9AD1550F2CDA29E900795309 /* PBXContainerItemProxy */ = {
			isa = PBXContainerItemProxy;
			containerPortal = 9AD154F62CDA29E700795309 /* Project object */;
			proxyType = 1;
			remoteGlobalIDString = 9AD154FD2CDA29E700795309;
			remoteInfo = TCAPractice;
		};
		9AD155192CDA29E900795309 /* PBXContainerItemProxy */ = {
			isa = PBXContainerItemProxy;
			containerPortal = 9AD154F62CDA29E700795309 /* Project object */;
			proxyType = 1;
			remoteGlobalIDString = 9AD154FD2CDA29E700795309;
			remoteInfo = TCAPractice;
		};
/* End PBXContainerItemProxy section */

/* Begin PBXFileReference section */
		9AD154FE2CDA29E700795309 /* TCAPractice.app */ = {isa = PBXFileReference; explicitFileType = wrapper.application; includeInIndex = 0; path = TCAPractice.app; sourceTree = BUILT_PRODUCTS_DIR; };
		9AD1550E2CDA29E900795309 /* TCAPracticeTests.xctest */ = {isa = PBXFileReference; explicitFileType = wrapper.cfbundle; includeInIndex = 0; path = TCAPracticeTests.xctest; sourceTree = BUILT_PRODUCTS_DIR; };
		9AD155182CDA29E900795309 /* TCAPracticeUITests.xctest */ = {isa = PBXFileReference; explicitFileType = wrapper.cfbundle; includeInIndex = 0; path = TCAPracticeUITests.xctest; sourceTree = BUILT_PRODUCTS_DIR; };
/* End PBXFileReference section */

/* Begin PBXFileSystemSynchronizedRootGroup section */
		9AD155002CDA29E700795309 /* TCAPractice */ = {
			isa = PBXFileSystemSynchronizedRootGroup;
			path = TCAPractice;
			sourceTree = "<group>";
		};
		9AD155112CDA29E900795309 /* TCAPracticeTests */ = {
			isa = PBXFileSystemSynchronizedRootGroup;
			path = TCAPracticeTests;
			sourceTree = "<group>";
		};
		9AD1551B2CDA29E900795309 /* TCAPracticeUITests */ = {
			isa = PBXFileSystemSynchronizedRootGroup;
			path = TCAPracticeUITests;
			sourceTree = "<group>";
		};
/* End PBXFileSystemSynchronizedRootGroup section */

/* Begin PBXFrameworksBuildPhase section */
		9AD154FB2CDA29E700795309 /* Frameworks */ = {
			isa = PBXFrameworksBuildPhase;
			buildActionMask = 2147483647;
			files = (
				9AC7F5892CFDFA6F00EC6B9A /* ComposableArchitecture in Frameworks */,
			);
			runOnlyForDeploymentPostprocessing = 0;
		};
		9AD1550B2CDA29E900795309 /* Frameworks */ = {
			isa = PBXFrameworksBuildPhase;
			buildActionMask = 2147483647;
			files = (
			);
			runOnlyForDeploymentPostprocessing = 0;
		};
		9AD155152CDA29E900795309 /* Frameworks */ = {
			isa = PBXFrameworksBuildPhase;
			buildActionMask = 2147483647;
			files = (
			);
			runOnlyForDeploymentPostprocessing = 0;
		};
/* End PBXFrameworksBuildPhase section */

/* Begin PBXGroup section */
		9AD154F52CDA29E700795309 = {
			isa = PBXGroup;
			children = (
				9AD155002CDA29E700795309 /* TCAPractice */,
				9AD155112CDA29E900795309 /* TCAPracticeTests */,
				9AD1551B2CDA29E900795309 /* TCAPracticeUITests */,
				9AD154FF2CDA29E700795309 /* Products */,
			);
			sourceTree = "<group>";
		};
		9AD154FF2CDA29E700795309 /* Products */ = {
			isa = PBXGroup;
			children = (
				9AD154FE2CDA29E700795309 /* TCAPractice.app */,
				9AD1550E2CDA29E900795309 /* TCAPracticeTests.xctest */,
				9AD155182CDA29E900795309 /* TCAPracticeUITests.xctest */,
			);
			name = Products;
			sourceTree = "<group>";
		};
/* End PBXGroup section */

/* Begin PBXNativeTarget section */
		9AD154FD2CDA29E700795309 /* TCAPractice */ = {
			isa = PBXNativeTarget;
			buildConfigurationList = 9AD155222CDA29E900795309 /* Build configuration list for PBXNativeTarget "TCAPractice" */;
			buildPhases = (
				9AD154FA2CDA29E700795309 /* Sources */,
				9AD154FB2CDA29E700795309 /* Frameworks */,
				9AD154FC2CDA29E700795309 /* Resources */,
			);
			buildRules = (
			);
			dependencies = (
			);
			fileSystemSynchronizedGroups = (
				9AD155002CDA29E700795309 /* TCAPractice */,
			);
			name = TCAPractice;
			packageProductDependencies = (
				9AC7F5882CFDFA6F00EC6B9A /* ComposableArchitecture */,
			);
			productName = TCAPractice;
			productReference = 9AD154FE2CDA29E700795309 /* TCAPractice.app */;
			productType = "com.apple.product-type.application";
		};
		9AD1550D2CDA29E900795309 /* TCAPracticeTests */ = {
			isa = PBXNativeTarget;
			buildConfigurationList = 9AD155252CDA29E900795309 /* Build configuration list for PBXNativeTarget "TCAPracticeTests" */;
			buildPhases = (
				9AD1550A2CDA29E900795309 /* Sources */,
				9AD1550B2CDA29E900795309 /* Frameworks */,
				9AD1550C2CDA29E900795309 /* Resources */,
			);
			buildRules = (
			);
			dependencies = (
				9AD155102CDA29E900795309 /* PBXTargetDependency */,
			);
			fileSystemSynchronizedGroups = (
				9AD155112CDA29E900795309 /* TCAPracticeTests */,
			);
			name = TCAPracticeTests;
			packageProductDependencies = (
			);
			productName = TCAPracticeTests;
			productReference = 9AD1550E2CDA29E900795309 /* TCAPracticeTests.xctest */;
			productType = "com.apple.product-type.bundle.unit-test";
		};
		9AD155172CDA29E900795309 /* TCAPracticeUITests */ = {
			isa = PBXNativeTarget;
			buildConfigurationList = 9AD155282CDA29E900795309 /* Build configuration list for PBXNativeTarget "TCAPracticeUITests" */;
			buildPhases = (
				9AD155142CDA29E900795309 /* Sources */,
				9AD155152CDA29E900795309 /* Frameworks */,
				9AD155162CDA29E900795309 /* Resources */,
			);
			buildRules = (
			);
			dependencies = (
				9AD1551A2CDA29E900795309 /* PBXTargetDependency */,
			);
			fileSystemSynchronizedGroups = (
				9AD1551B2CDA29E900795309 /* TCAPracticeUITests */,
			);
			name = TCAPracticeUITests;
			packageProductDependencies = (
			);
			productName = TCAPracticeUITests;
			productReference = 9AD155182CDA29E900795309 /* TCAPracticeUITests.xctest */;
			productType = "com.apple.product-type.bundle.ui-testing";
		};
/* End PBXNativeTarget section */

/* Begin PBXProject section */
		9AD154F62CDA29E700795309 /* Project object */ = {
			isa = PBXProject;
			attributes = {
				BuildIndependentTargetsInParallel = 1;
				LastSwiftUpdateCheck = 1610;
				LastUpgradeCheck = 1610;
				TargetAttributes = {
					9AD154FD2CDA29E700795309 = {
						CreatedOnToolsVersion = 16.1;
					};
					9AD1550D2CDA29E900795309 = {
						CreatedOnToolsVersion = 16.1;
						TestTargetID = 9AD154FD2CDA29E700795309;
					};
					9AD155172CDA29E900795309 = {
						CreatedOnToolsVersion = 16.1;
						TestTargetID = 9AD154FD2CDA29E700795309;
					};
				};
			};
			buildConfigurationList = 9AD154F92CDA29E700795309 /* Build configuration list for PBXProject "TCAPractice" */;
			developmentRegion = en;
			hasScannedForEncodings = 0;
			knownRegions = (
				en,
				Base,
			);
			mainGroup = 9AD154F52CDA29E700795309;
			minimizedProjectReferenceProxies = 1;
			packageReferences = (
				9AC7F5872CFDFA6F00EC6B9A /* XCRemoteSwiftPackageReference "swift-composable-architecture" */,
			);
			preferredProjectObjectVersion = 77;
			productRefGroup = 9AD154FF2CDA29E700795309 /* Products */;
			projectDirPath = "";
			projectRoot = "";
			targets = (
				9AD154FD2CDA29E700795309 /* TCAPractice */,
				9AD1550D2CDA29E900795309 /* TCAPracticeTests */,
				9AD155172CDA29E900795309 /* TCAPracticeUITests */,
			);
		};
/* End PBXProject section */

/* Begin PBXResourcesBuildPhase section */
		9AD154FC2CDA29E700795309 /* Resources */ = {
			isa = PBXResourcesBuildPhase;
			buildActionMask = 2147483647;
			files = (
			);
			runOnlyForDeploymentPostprocessing = 0;
		};
		9AD1550C2CDA29E900795309 /* Resources */ = {
			isa = PBXResourcesBuildPhase;
			buildActionMask = 2147483647;
			files = (
			);
			runOnlyForDeploymentPostprocessing = 0;
		};
		9AD155162CDA29E900795309 /* Resources */ = {
			isa = PBXResourcesBuildPhase;
			buildActionMask = 2147483647;
			files = (
			);
			runOnlyForDeploymentPostprocessing = 0;
		};
/* End PBXResourcesBuildPhase section */

/* Begin PBXSourcesBuildPhase section */
		9AD154FA2CDA29E700795309 /* Sources */ = {
			isa = PBXSourcesBuildPhase;
			buildActionMask = 2147483647;
			files = (
			);
			runOnlyForDeploymentPostprocessing = 0;
		};
		9AD1550A2CDA29E900795309 /* Sources */ = {
			isa = PBXSourcesBuildPhase;
			buildActionMask = 2147483647;
			files = (
			);
			runOnlyForDeploymentPostprocessing = 0;
		};
		9AD155142CDA29E900795309 /* Sources */ = {
			isa = PBXSourcesBuildPhase;
			buildActionMask = 2147483647;
			files = (
			);
			runOnlyForDeploymentPostprocessing = 0;
		};
/* End PBXSourcesBuildPhase section */

/* Begin PBXTargetDependency section */
		9AD155102CDA29E900795309 /* PBXTargetDependency */ = {
			isa = PBXTargetDependency;
			target = 9AD154FD2CDA29E700795309 /* TCAPractice */;
			targetProxy = 9AD1550F2CDA29E900795309 /* PBXContainerItemProxy */;
		};
		9AD1551A2CDA29E900795309 /* PBXTargetDependency */ = {
			isa = PBXTargetDependency;
			target = 9AD154FD2CDA29E700795309 /* TCAPractice */;
			targetProxy = 9AD155192CDA29E900795309 /* PBXContainerItemProxy */;
		};
/* End PBXTargetDependency section */

/* Begin XCBuildConfiguration section */
		9AD155202CDA29E900795309 /* Debug */ = {
			isa = XCBuildConfiguration;
			buildSettings = {
				ALWAYS_SEARCH_USER_PATHS = NO;
				ASSETCATALOG_COMPILER_GENERATE_SWIFT_ASSET_SYMBOL_EXTENSIONS = YES;
				CLANG_ANALYZER_NONNULL = YES;
				CLANG_ANALYZER_NUMBER_OBJECT_CONVERSION = YES_AGGRESSIVE;
				CLANG_CXX_LANGUAGE_STANDARD = "gnu++20";
				CLANG_ENABLE_MODULES = YES;
				CLANG_ENABLE_OBJC_ARC = YES;
				CLANG_ENABLE_OBJC_WEAK = YES;
				CLANG_WARN_BLOCK_CAPTURE_AUTORELEASING = YES;
				CLANG_WARN_BOOL_CONVERSION = YES;
				CLANG_WARN_COMMA = YES;
				CLANG_WARN_CONSTANT_CONVERSION = YES;
				CLANG_WARN_DEPRECATED_OBJC_IMPLEMENTATIONS = YES;
				CLANG_WARN_DIRECT_OBJC_ISA_USAGE = YES_ERROR;
				CLANG_WARN_DOCUMENTATION_COMMENTS = YES;
				CLANG_WARN_EMPTY_BODY = YES;
				CLANG_WARN_ENUM_CONVERSION = YES;
				CLANG_WARN_INFINITE_RECURSION = YES;
				CLANG_WARN_INT_CONVERSION = YES;
				CLANG_WARN_NON_LITERAL_NULL_CONVERSION = YES;
				CLANG_WARN_OBJC_IMPLICIT_RETAIN_SELF = YES;
				CLANG_WARN_OBJC_LITERAL_CONVERSION = YES;
				CLANG_WARN_OBJC_ROOT_CLASS = YES_ERROR;
				CLANG_WARN_QUOTED_INCLUDE_IN_FRAMEWORK_HEADER = YES;
				CLANG_WARN_RANGE_LOOP_ANALYSIS = YES;
				CLANG_WARN_STRICT_PROTOTYPES = YES;
				CLANG_WARN_SUSPICIOUS_MOVE = YES;
				CLANG_WARN_UNGUARDED_AVAILABILITY = YES_AGGRESSIVE;
				CLANG_WARN_UNREACHABLE_CODE = YES;
				CLANG_WARN__DUPLICATE_METHOD_MATCH = YES;
				COPY_PHASE_STRIP = NO;
				DEBUG_INFORMATION_FORMAT = dwarf;
				ENABLE_STRICT_OBJC_MSGSEND = YES;
				ENABLE_TESTABILITY = YES;
				ENABLE_USER_SCRIPT_SANDBOXING = YES;
				GCC_C_LANGUAGE_STANDARD = gnu17;
				GCC_DYNAMIC_NO_PIC = NO;
				GCC_NO_COMMON_BLOCKS = YES;
				GCC_OPTIMIZATION_LEVEL = 0;
				GCC_PREPROCESSOR_DEFINITIONS = (
					"DEBUG=1",
					"$(inherited)",
				);
				GCC_WARN_64_TO_32_BIT_CONVERSION = YES;
				GCC_WARN_ABOUT_RETURN_TYPE = YES_ERROR;
				GCC_WARN_UNDECLARED_SELECTOR = YES;
				GCC_WARN_UNINITIALIZED_AUTOS = YES_AGGRESSIVE;
				GCC_WARN_UNUSED_FUNCTION = YES;
				GCC_WARN_UNUSED_VARIABLE = YES;
				IPHONEOS_DEPLOYMENT_TARGET = 18.1;
				LOCALIZATION_PREFERS_STRING_CATALOGS = YES;
				MTL_ENABLE_DEBUG_INFO = INCLUDE_SOURCE;
				MTL_FAST_MATH = YES;
				ONLY_ACTIVE_ARCH = YES;
				SDKROOT = iphoneos;
				SWIFT_ACTIVE_COMPILATION_CONDITIONS = "DEBUG $(inherited)";
				SWIFT_OPTIMIZATION_LEVEL = "-Onone";
			};
			name = Debug;
		};
		9AD155212CDA29E900795309 /* Release */ = {
			isa = XCBuildConfiguration;
			buildSettings = {
				ALWAYS_SEARCH_USER_PATHS = NO;
				ASSETCATALOG_COMPILER_GENERATE_SWIFT_ASSET_SYMBOL_EXTENSIONS = YES;
				CLANG_ANALYZER_NONNULL = YES;
				CLANG_ANALYZER_NUMBER_OBJECT_CONVERSION = YES_AGGRESSIVE;
				CLANG_CXX_LANGUAGE_STANDARD = "gnu++20";
				CLANG_ENABLE_MODULES = YES;
				CLANG_ENABLE_OBJC_ARC = YES;
				CLANG_ENABLE_OBJC_WEAK = YES;
				CLANG_WARN_BLOCK_CAPTURE_AUTORELEASING = YES;
				CLANG_WARN_BOOL_CONVERSION = YES;
				CLANG_WARN_COMMA = YES;
				CLANG_WARN_CONSTANT_CONVERSION = YES;
				CLANG_WARN_DEPRECATED_OBJC_IMPLEMENTATIONS = YES;
				CLANG_WARN_DIRECT_OBJC_ISA_USAGE = YES_ERROR;
				CLANG_WARN_DOCUMENTATION_COMMENTS = YES;
				CLANG_WARN_EMPTY_BODY = YES;
				CLANG_WARN_ENUM_CONVERSION = YES;
				CLANG_WARN_INFINITE_RECURSION = YES;
				CLANG_WARN_INT_CONVERSION = YES;
				CLANG_WARN_NON_LITERAL_NULL_CONVERSION = YES;
				CLANG_WARN_OBJC_IMPLICIT_RETAIN_SELF = YES;
				CLANG_WARN_OBJC_LITERAL_CONVERSION = YES;
				CLANG_WARN_OBJC_ROOT_CLASS = YES_ERROR;
				CLANG_WARN_QUOTED_INCLUDE_IN_FRAMEWORK_HEADER = YES;
				CLANG_WARN_RANGE_LOOP_ANALYSIS = YES;
				CLANG_WARN_STRICT_PROTOTYPES = YES;
				CLANG_WARN_SUSPICIOUS_MOVE = YES;
				CLANG_WARN_UNGUARDED_AVAILABILITY = YES_AGGRESSIVE;
				CLANG_WARN_UNREACHABLE_CODE = YES;
				CLANG_WARN__DUPLICATE_METHOD_MATCH = YES;
				COPY_PHASE_STRIP = NO;
				DEBUG_INFORMATION_FORMAT = "dwarf-with-dsym";
				ENABLE_NS_ASSERTIONS = NO;
				ENABLE_STRICT_OBJC_MSGSEND = YES;
				ENABLE_USER_SCRIPT_SANDBOXING = YES;
				GCC_C_LANGUAGE_STANDARD = gnu17;
				GCC_NO_COMMON_BLOCKS = YES;
				GCC_WARN_64_TO_32_BIT_CONVERSION = YES;
				GCC_WARN_ABOUT_RETURN_TYPE = YES_ERROR;
				GCC_WARN_UNDECLARED_SELECTOR = YES;
				GCC_WARN_UNINITIALIZED_AUTOS = YES_AGGRESSIVE;
				GCC_WARN_UNUSED_FUNCTION = YES;
				GCC_WARN_UNUSED_VARIABLE = YES;
				IPHONEOS_DEPLOYMENT_TARGET = 18.1;
				LOCALIZATION_PREFERS_STRING_CATALOGS = YES;
				MTL_ENABLE_DEBUG_INFO = NO;
				MTL_FAST_MATH = YES;
				SDKROOT = iphoneos;
				SWIFT_COMPILATION_MODE = wholemodule;
				VALIDATE_PRODUCT = YES;
			};
			name = Release;
		};
		9AD155232CDA29E900795309 /* Debug */ = {
			isa = XCBuildConfiguration;
			buildSettings = {
				ASSETCATALOG_COMPILER_APPICON_NAME = AppIcon;
				ASSETCATALOG_COMPILER_GLOBAL_ACCENT_COLOR_NAME = AccentColor;
				CODE_SIGN_STYLE = Automatic;
				CURRENT_PROJECT_VERSION = 1;
				DEVELOPMENT_ASSET_PATHS = "\"TCAPractice/Preview Content\"";
				DEVELOPMENT_TEAM = 3WB2U7DB5N;
				ENABLE_PREVIEWS = YES;
				GENERATE_INFOPLIST_FILE = YES;
				INFOPLIST_KEY_UIApplicationSceneManifest_Generation = YES;
				INFOPLIST_KEY_UIApplicationSupportsIndirectInputEvents = YES;
				INFOPLIST_KEY_UILaunchScreen_Generation = YES;
				INFOPLIST_KEY_UISupportedInterfaceOrientations_iPad = "UIInterfaceOrientationPortrait UIInterfaceOrientationPortraitUpsideDown UIInterfaceOrientationLandscapeLeft UIInterfaceOrientationLandscapeRight";
				INFOPLIST_KEY_UISupportedInterfaceOrientations_iPhone = "UIInterfaceOrientationPortrait UIInterfaceOrientationLandscapeLeft UIInterfaceOrientationLandscapeRight";
				LD_RUNPATH_SEARCH_PATHS = (
					"$(inherited)",
					"@executable_path/Frameworks",
				);
				MARKETING_VERSION = 1.0;
				PRODUCT_BUNDLE_IDENTIFIER = tshun.TCAPractice;
				PRODUCT_NAME = "$(TARGET_NAME)";
				SWIFT_EMIT_LOC_STRINGS = YES;
				SWIFT_VERSION = 5.0;
				TARGETED_DEVICE_FAMILY = "1,2";
			};
			name = Debug;
		};
		9AD155242CDA29E900795309 /* Release */ = {
			isa = XCBuildConfiguration;
			buildSettings = {
				ASSETCATALOG_COMPILER_APPICON_NAME = AppIcon;
				ASSETCATALOG_COMPILER_GLOBAL_ACCENT_COLOR_NAME = AccentColor;
				CODE_SIGN_STYLE = Automatic;
				CURRENT_PROJECT_VERSION = 1;
				DEVELOPMENT_ASSET_PATHS = "\"TCAPractice/Preview Content\"";
				DEVELOPMENT_TEAM = 3WB2U7DB5N;
				ENABLE_PREVIEWS = YES;
				GENERATE_INFOPLIST_FILE = YES;
				INFOPLIST_KEY_UIApplicationSceneManifest_Generation = YES;
				INFOPLIST_KEY_UIApplicationSupportsIndirectInputEvents = YES;
				INFOPLIST_KEY_UILaunchScreen_Generation = YES;
				INFOPLIST_KEY_UISupportedInterfaceOrientations_iPad = "UIInterfaceOrientationPortrait UIInterfaceOrientationPortraitUpsideDown UIInterfaceOrientationLandscapeLeft UIInterfaceOrientationLandscapeRight";
				INFOPLIST_KEY_UISupportedInterfaceOrientations_iPhone = "UIInterfaceOrientationPortrait UIInterfaceOrientationLandscapeLeft UIInterfaceOrientationLandscapeRight";
				LD_RUNPATH_SEARCH_PATHS = (
					"$(inherited)",
					"@executable_path/Frameworks",
				);
				MARKETING_VERSION = 1.0;
				PRODUCT_BUNDLE_IDENTIFIER = tshun.TCAPractice;
				PRODUCT_NAME = "$(TARGET_NAME)";
				SWIFT_EMIT_LOC_STRINGS = YES;
				SWIFT_VERSION = 5.0;
				TARGETED_DEVICE_FAMILY = "1,2";
			};
			name = Release;
		};
		9AD155262CDA29E900795309 /* Debug */ = {
			isa = XCBuildConfiguration;
			buildSettings = {
				BUNDLE_LOADER = "$(TEST_HOST)";
				CODE_SIGN_STYLE = Automatic;
				CURRENT_PROJECT_VERSION = 1;
				DEVELOPMENT_TEAM = 3WB2U7DB5N;
				GENERATE_INFOPLIST_FILE = YES;
				IPHONEOS_DEPLOYMENT_TARGET = 18.1;
				MARKETING_VERSION = 1.0;
				PRODUCT_BUNDLE_IDENTIFIER = tshun.TCAPracticeTests;
				PRODUCT_NAME = "$(TARGET_NAME)";
				SWIFT_EMIT_LOC_STRINGS = NO;
				SWIFT_VERSION = 5.0;
				TARGETED_DEVICE_FAMILY = "1,2";
				TEST_HOST = "$(BUILT_PRODUCTS_DIR)/TCAPractice.app/$(BUNDLE_EXECUTABLE_FOLDER_PATH)/TCAPractice";
			};
			name = Debug;
		};
		9AD155272CDA29E900795309 /* Release */ = {
			isa = XCBuildConfiguration;
			buildSettings = {
				BUNDLE_LOADER = "$(TEST_HOST)";
				CODE_SIGN_STYLE = Automatic;
				CURRENT_PROJECT_VERSION = 1;
				DEVELOPMENT_TEAM = 3WB2U7DB5N;
				GENERATE_INFOPLIST_FILE = YES;
				IPHONEOS_DEPLOYMENT_TARGET = 18.1;
				MARKETING_VERSION = 1.0;
				PRODUCT_BUNDLE_IDENTIFIER = tshun.TCAPracticeTests;
				PRODUCT_NAME = "$(TARGET_NAME)";
				SWIFT_EMIT_LOC_STRINGS = NO;
				SWIFT_VERSION = 5.0;
				TARGETED_DEVICE_FAMILY = "1,2";
				TEST_HOST = "$(BUILT_PRODUCTS_DIR)/TCAPractice.app/$(BUNDLE_EXECUTABLE_FOLDER_PATH)/TCAPractice";
			};
			name = Release;
		};
		9AD155292CDA29E900795309 /* Debug */ = {
			isa = XCBuildConfiguration;
			buildSettings = {
				CODE_SIGN_STYLE = Automatic;
				CURRENT_PROJECT_VERSION = 1;
				DEVELOPMENT_TEAM = 3WB2U7DB5N;
				GENERATE_INFOPLIST_FILE = YES;
				MARKETING_VERSION = 1.0;
				PRODUCT_BUNDLE_IDENTIFIER = tshun.TCAPracticeUITests;
				PRODUCT_NAME = "$(TARGET_NAME)";
				SWIFT_EMIT_LOC_STRINGS = NO;
				SWIFT_VERSION = 5.0;
				TARGETED_DEVICE_FAMILY = "1,2";
				TEST_TARGET_NAME = TCAPractice;
			};
			name = Debug;
		};
		9AD1552A2CDA29E900795309 /* Release */ = {
			isa = XCBuildConfiguration;
			buildSettings = {
				CODE_SIGN_STYLE = Automatic;
				CURRENT_PROJECT_VERSION = 1;
				DEVELOPMENT_TEAM = 3WB2U7DB5N;
				GENERATE_INFOPLIST_FILE = YES;
				MARKETING_VERSION = 1.0;
				PRODUCT_BUNDLE_IDENTIFIER = tshun.TCAPracticeUITests;
				PRODUCT_NAME = "$(TARGET_NAME)";
				SWIFT_EMIT_LOC_STRINGS = NO;
				SWIFT_VERSION = 5.0;
				TARGETED_DEVICE_FAMILY = "1,2";
				TEST_TARGET_NAME = TCAPractice;
			};
			name = Release;
		};
/* End XCBuildConfiguration section */

/* Begin XCConfigurationList section */
		9AD154F92CDA29E700795309 /* Build configuration list for PBXProject "TCAPractice" */ = {
			isa = XCConfigurationList;
			buildConfigurations = (
				9AD155202CDA29E900795309 /* Debug */,
				9AD155212CDA29E900795309 /* Release */,
			);
			defaultConfigurationIsVisible = 0;
			defaultConfigurationName = Release;
		};
		9AD155222CDA29E900795309 /* Build configuration list for PBXNativeTarget "TCAPractice" */ = {
			isa = XCConfigurationList;
			buildConfigurations = (
				9AD155232CDA29E900795309 /* Debug */,
				9AD155242CDA29E900795309 /* Release */,
			);
			defaultConfigurationIsVisible = 0;
			defaultConfigurationName = Release;
		};
		9AD155252CDA29E900795309 /* Build configuration list for PBXNativeTarget "TCAPracticeTests" */ = {
			isa = XCConfigurationList;
			buildConfigurations = (
				9AD155262CDA29E900795309 /* Debug */,
				9AD155272CDA29E900795309 /* Release */,
			);
			defaultConfigurationIsVisible = 0;
			defaultConfigurationName = Release;
		};
		9AD155282CDA29E900795309 /* Build configuration list for PBXNativeTarget "TCAPracticeUITests" */ = {
			isa = XCConfigurationList;
			buildConfigurations = (
				9AD155292CDA29E900795309 /* Debug */,
				9AD1552A2CDA29E900795309 /* Release */,
			);
			defaultConfigurationIsVisible = 0;
			defaultConfigurationName = Release;
		};
/* End XCConfigurationList section */

/* Begin XCRemoteSwiftPackageReference section */
		9AC7F5872CFDFA6F00EC6B9A /* XCRemoteSwiftPackageReference "swift-composable-architecture" */ = {
			isa = XCRemoteSwiftPackageReference;
			repositoryURL = "https://github.com/pointfreeco/swift-composable-architecture.git";
			requirement = {
				kind = upToNextMajorVersion;
				minimumVersion = 1.16.1;
			};
		};
/* End XCRemoteSwiftPackageReference section */

/* Begin XCSwiftPackageProductDependency section */
		9AC7F5882CFDFA6F00EC6B9A /* ComposableArchitecture */ = {
			isa = XCSwiftPackageProductDependency;
			package = 9AC7F5872CFDFA6F00EC6B9A /* XCRemoteSwiftPackageReference "swift-composable-architecture" */;
			productName = ComposableArchitecture;
		};
/* End XCSwiftPackageProductDependency section */
	};
	rootObject = 9AD154F62CDA29E700795309 /* Project object */;
}
